
Microsoft Visual Studio Solution File, Format Version 12.00
# Visual Studio 15
VisualStudioVersion = 15.0.27703.2026
MinimumVisualStudioVersion = 10.0.40219.1
Project("{FAE04EC0-301F-11D3-BF4B-00C04F79EFBC}") = "MoKing.View", "MoKing.View\MoKing.View.csproj", "{3B4E79C6-27BC-4378-A53E-124D1C423ABB}"
EndProject
Project("{FAE04EC0-301F-11D3-BF4B-00C04F79EFBC}") = "MoKing.Model", "MoKing.Model\MoKing.Model.csproj", "{FECE4AA1-C47F-4165-B2AF-CE8EE6D5110A}"
EndProject
Global
	GlobalSection(SolutionConfigurationPlatforms) = preSolution
		Debug|Any CPU = Debug|Any CPU
		Release|Any CPU = Release|Any CPU
	EndGlobalSection
	GlobalSection(ProjectConfigurationPlatforms) = postSolution
		{3B4E79C6-27BC-4378-A53E-124D1C423ABB}.Debug|Any CPU.ActiveCfg = Debug|Any CPU
		{3B4E79C6-27BC-4378-A53E-124D1C423ABB}.Debug|Any CPU.Build.0 = Debug|Any CPU
		{3B4E79C6-27BC-4378-A53E-124D1C423ABB}.Release|Any CPU.ActiveCfg = Release|Any CPU
		{3B4E79C6-27BC-4378-A53E-124D1C423ABB}.Release|Any CPU.Build.0 = Release|Any CPU
		{FECE4AA1-C47F-4165-B2AF-CE8EE6D5110A}.Debug|Any CPU.ActiveCfg = Debug|Any CPU
		{FECE4AA1-C47F-4165-B2AF-CE8EE6D5110A}.Debug|Any CPU.Build.0 = Debug|Any CPU
		{FECE4AA1-C47F-4165-B2AF-CE8EE6D5110A}.Release|Any CPU.ActiveCfg = Release|Any CPU
		{FECE4AA1-C47F-4165-B2AF-CE8EE6D5110A}.Release|Any CPU.Build.0 = Release|Any CPU
	EndGlobalSection
	GlobalSection(SolutionProperties) = preSolution
		HideSolutionNode = FALSE
	EndGlobalSection
	GlobalSection(ExtensibilityGlobals) = postSolution
		SolutionGuid = {13CD5F3A-62F9-4A10-94CC-CDA66C578478}
	EndGlobalSection
EndGlobal
